
Microsoft Visual Studio Solution File, Format Version 12.00
# Visual Studio Version 16
VisualStudioVersion = 16.0.32228.343
MinimumVisualStudioVersion = 10.0.40219.1
Project("{FAE04EC0-301F-11D3-BF4B-00C04F79EFBC}") = "WebApi", "WebApi\WebApi.csproj", "{FA9EB81D-1D22-4F05-88F3-D56F20954A2C}"
EndProject
Global
	GlobalSection(SolutionConfigurationPlatforms) = preSolution
		Debug|Any CPU = Debug|Any CPU
		Release|Any CPU = Release|Any CPU
	EndGlobalSection
	GlobalSection(ProjectConfigurationPlatforms) = postSolution
		{FA9EB81D-1D22-4F05-88F3-D56F20954A2C}.Debug|Any CPU.ActiveCfg = Debug|Any CPU
		{FA9EB81D-1D22-4F05-88F3-D56F20954A2C}.Debug|Any CPU.Build.0 = Debug|Any CPU
		{FA9EB81D-1D22-4F05-88F3-D56F20954A2C}.Release|Any CPU.ActiveCfg = Release|Any CPU
		{FA9EB81D-1D22-4F05-88F3-D56F20954A2C}.Release|Any CPU.Build.0 = Release|Any CPU
	EndGlobalSection
	GlobalSection(SolutionProperties) = preSolution
		HideSolutionNode = FALSE
	EndGlobalSection
	GlobalSection(ExtensibilityGlobals) = postSolution
		SolutionGuid = {3176E515-B0FF-4ED2-A918-7F04F8C83832}
	EndGlobalSection
EndGlobal
